
Microsoft Visual Studio Solution File, Format Version 12.00
# Visual Studio Version 16
VisualStudioVersion = 16.0.30204.135
MinimumVisualStudioVersion = 10.0.40219.1
Project("{8BC9CEB8-8B4A-11D0-8D11-00A0C91BC942}") = "cpp5", "cpp5\cpp5.vcxproj", "{2594FEA6-4261-4B8A-9771-EFF00B0BF50C}"
EndProject
Project("{8BC9CEB8-8B4A-11D0-8D11-00A0C91BC942}") = "cpp6", "cpp6\cpp6.vcxproj", "{8EA2FE54-768C-43DB-95BF-E464A4273BDE}"
EndProject
Project("{8BC9CEB8-8B4A-11D0-8D11-00A0C91BC942}") = "cpp7", "cpp7\cpp7.vcxproj", "{5389D0CF-4973-4D19-9659-3DAD52C55B75}"
EndProject
Project("{8BC9CEB8-8B4A-11D0-8D11-00A0C91BC942}") = "cpp8", "cpp8\cpp8.vcxproj", "{E64FCC8E-3086-4A1B-AD03-3190CF9E89E1}"
EndProject
Project("{8BC9CEB8-8B4A-11D0-8D11-00A0C91BC942}") = "cpp9", "cpp9\cpp9.vcxproj", "{B63C856A-67F7-47F1-A15F-755995419D7D}"
EndProject
Project("{8BC9CEB8-8B4A-11D0-8D11-00A0C91BC942}") = "cpp4", "cpp4\cpp4.vcxproj", "{C59967A2-B8B4-4277-8597-91AFC51DAA06}"
EndProject
Project("{8BC9CEB8-8B4A-11D0-8D11-00A0C91BC942}") = "cpp10", "cpp10\cpp10.vcxproj", "{288EA1E9-73B8-4F9D-8183-320CE9F664C9}"
EndProject
Project("{8BC9CEB8-8B4A-11D0-8D11-00A0C91BC942}") = "cpp11", "cpp11\cpp11.vcxproj", "{25CEDC2C-5D16-431F-9522-0885B8BEF633}"
EndProject
Project("{8BC9CEB8-8B4A-11D0-8D11-00A0C91BC942}") = "cpp12", "cpp12\cpp12.vcxproj", "{C56E7E92-3FDD-4691-804D-13CBDB67D977}"
EndProject
Project("{8BC9CEB8-8B4A-11D0-8D11-00A0C91BC942}") = "cpp13", "cpp13\cpp13.vcxproj", "{423A34E2-EB42-430E-916A-68867F66AB58}"
EndProject
Project("{8BC9CEB8-8B4A-11D0-8D11-00A0C91BC942}") = "cpp14", "cpp14\cpp14.vcxproj", "{95F9AA75-F678-4D99-9FC2-C9CDB62812FB}"
EndProject
Project("{8BC9CEB8-8B4A-11D0-8D11-00A0C91BC942}") = "cpp15", "cpp15\cpp15.vcxproj", "{BAAF069C-A7B5-44F7-9B5E-25AD18E98336}"
EndProject
Project("{8BC9CEB8-8B4A-11D0-8D11-00A0C91BC942}") = "cpp16", "cpp16\cpp16.vcxproj", "{3284367B-81A1-478C-BA81-723C070C78E3}"
EndProject
Project("{8BC9CEB8-8B4A-11D0-8D11-00A0C91BC942}") = "cpp17", "cpp17\cpp17.vcxproj", "{A988D291-B384-4994-B2F3-DF172EFC75D7}"
EndProject
Global
	GlobalSection(SolutionConfigurationPlatforms) = preSolution
		Debug|x64 = Debug|x64
		Debug|x86 = Debug|x86
		Release|x64 = Release|x64
		Release|x86 = Release|x86
	EndGlobalSection
	GlobalSection(ProjectConfigurationPlatforms) = postSolution
		{2594FEA6-4261-4B8A-9771-EFF00B0BF50C}.Debug|x64.ActiveCfg = Debug|x64
		{2594FEA6-4261-4B8A-9771-EFF00B0BF50C}.Debug|x64.Build.0 = Debug|x64
		{2594FEA6-4261-4B8A-9771-EFF00B0BF50C}.Debug|x86.ActiveCfg = Debug|Win32
		{2594FEA6-4261-4B8A-9771-EFF00B0BF50C}.Debug|x86.Build.0 = Debug|Win32
		{2594FEA6-4261-4B8A-9771-EFF00B0BF50C}.Release|x64.ActiveCfg = Release|x64
		{2594FEA6-4261-4B8A-9771-EFF00B0BF50C}.Release|x64.Build.0 = Release|x64
		{2594FEA6-4261-4B8A-9771-EFF00B0BF50C}.Release|x86.ActiveCfg = Release|Win32
		{2594FEA6-4261-4B8A-9771-EFF00B0BF50C}.Release|x86.Build.0 = Release|Win32
		{8EA2FE54-768C-43DB-95BF-E464A4273BDE}.Debug|x64.ActiveCfg = Debug|x64
		{8EA2FE54-768C-43DB-95BF-E464A4273BDE}.Debug|x64.Build.0 = Debug|x64
		{8EA2FE54-768C-43DB-95BF-E464A4273BDE}.Debug|x86.ActiveCfg = Debug|Win32
		{8EA2FE54-768C-43DB-95BF-E464A4273BDE}.Debug|x86.Build.0 = Debug|Win32
		{8EA2FE54-768C-43DB-95BF-E464A4273BDE}.Release|x64.ActiveCfg = Release|x64
		{8EA2FE54-768C-43DB-95BF-E464A4273BDE}.Release|x64.Build.0 = Release|x64
		{8EA2FE54-768C-43DB-95BF-E464A4273BDE}.Release|x86.ActiveCfg = Release|Win32
		{8EA2FE54-768C-43DB-95BF-E464A4273BDE}.Release|x86.Build.0 = Release|Win32
		{5389D0CF-4973-4D19-9659-3DAD52C55B75}.Debug|x64.ActiveCfg = Debug|x64
		{5389D0CF-4973-4D19-9659-3DAD52C55B75}.Debug|x64.Build.0 = Debug|x64
		{5389D0CF-4973-4D19-9659-3DAD52C55B75}.Debug|x86.ActiveCfg = Debug|Win32
		{5389D0CF-4973-4D19-9659-3DAD52C55B75}.Debug|x86.Build.0 = Debug|Win32
		{5389D0CF-4973-4D19-9659-3DAD52C55B75}.Release|x64.ActiveCfg = Release|x64
		{5389D0CF-4973-4D19-9659-3DAD52C55B75}.Release|x64.Build.0 = Release|x64
		{5389D0CF-4973-4D19-9659-3DAD52C55B75}.Release|x86.ActiveCfg = Release|Win32
		{5389D0CF-4973-4D19-9659-3DAD52C55B75}.Release|x86.Build.0 = Release|Win32
		{E64FCC8E-3086-4A1B-AD03-3190CF9E89E1}.Debug|x64.ActiveCfg = Debug|x64
		{E64FCC8E-3086-4A1B-AD03-3190CF9E89E1}.Debug|x64.Build.0 = Debug|x64
		{E64FCC8E-3086-4A1B-AD03-3190CF9E89E1}.Debug|x86.ActiveCfg = Debug|Win32
		{E64FCC8E-3086-4A1B-AD03-3190CF9E89E1}.Debug|x86.Build.0 = Debug|Win32
		{E64FCC8E-3086-4A1B-AD03-3190CF9E89E1}.Release|x64.ActiveCfg = Release|x64
		{E64FCC8E-3086-4A1B-AD03-3190CF9E89E1}.Release|x64.Build.0 = Release|x64
		{E64FCC8E-3086-4A1B-AD03-3190CF9E89E1}.Release|x86.ActiveCfg = Release|Win32
		{E64FCC8E-3086-4A1B-AD03-3190CF9E89E1}.Release|x86.Build.0 = Release|Win32
		{B63C856A-67F7-47F1-A15F-755995419D7D}.Debug|x64.ActiveCfg = Debug|x64
		{B63C856A-67F7-47F1-A15F-755995419D7D}.Debug|x64.Build.0 = Debug|x64
		{B63C856A-67F7-47F1-A15F-755995419D7D}.Debug|x86.ActiveCfg = Debug|Win32
		{B63C856A-67F7-47F1-A15F-755995419D7D}.Debug|x86.Build.0 = Debug|Win32
		{B63C856A-67F7-47F1-A15F-755995419D7D}.Release|x64.ActiveCfg = Release|x64
		{B63C856A-67F7-47F1-A15F-755995419D7D}.Release|x64.Build.0 = Release|x64
		{B63C856A-67F7-47F1-A15F-755995419D7D}.Release|x86.ActiveCfg = Release|Win32
		{B63C856A-67F7-47F1-A15F-755995419D7D}.Release|x86.Build.0 = Release|Win32
		{C59967A2-B8B4-4277-8597-91AFC51DAA06}.Debug|x64.ActiveCfg = Debug|x64
		{C59967A2-B8B4-4277-8597-91AFC51DAA06}.Debug|x64.Build.0 = Debug|x64
		{C59967A2-B8B4-4277-8597-91AFC51DAA06}.Debug|x86.ActiveCfg = Debug|Win32
		{C59967A2-B8B4-4277-8597-91AFC51DAA06}.Debug|x86.Build.0 = Debug|Win32
		{C59967A2-B8B4-4277-8597-91AFC51DAA06}.Release|x64.ActiveCfg = Release|x64
		{C59967A2-B8B4-4277-8597-91AFC51DAA06}.Release|x64.Build.0 = Release|x64
		{C59967A2-B8B4-4277-8597-91AFC51DAA06}.Release|x86.ActiveCfg = Release|Win32
		{C59967A2-B8B4-4277-8597-91AFC51DAA06}.Release|x86.Build.0 = Release|Win32
		{288EA1E9-73B8-4F9D-8183-320CE9F664C9}.Debug|x64.ActiveCfg = Debug|x64
		{288EA1E9-73B8-4F9D-8183-320CE9F664C9}.Debug|x64.Build.0 = Debug|x64
		{288EA1E9-73B8-4F9D-8183-320CE9F664C9}.Debug|x86.ActiveCfg = Debug|Win32
		{288EA1E9-73B8-4F9D-8183-320CE9F664C9}.Debug|x86.Build.0 = Debug|Win32
		{288EA1E9-73B8-4F9D-8183-320CE9F664C9}.Release|x64.ActiveCfg = Release|x64
		{288EA1E9-73B8-4F9D-8183-320CE9F664C9}.Release|x64.Build.0 = Release|x64
		{288EA1E9-73B8-4F9D-8183-320CE9F664C9}.Release|x86.ActiveCfg = Release|Win32
		{288EA1E9-73B8-4F9D-8183-320CE9F664C9}.Release|x86.Build.0 = Release|Win32
		{25CEDC2C-5D16-431F-9522-0885B8BEF633}.Debug|x64.ActiveCfg = Debug|x64
		{25CEDC2C-5D16-431F-9522-0885B8BEF633}.Debug|x64.Build.0 = Debug|x64
		{25CEDC2C-5D16-431F-9522-0885B8BEF633}.Debug|x86.ActiveCfg = Debug|Win32
		{25CEDC2C-5D16-431F-9522-0885B8BEF633}.Debug|x86.Build.0 = Debug|Win32
		{25CEDC2C-5D16-431F-9522-0885B8BEF633}.Release|x64.ActiveCfg = Release|x64
		{25CEDC2C-5D16-431F-9522-0885B8BEF633}.Release|x64.Build.0 = Release|x64
		{25CEDC2C-5D16-431F-9522-0885B8BEF633}.Release|x86.ActiveCfg = Release|Win32
		{25CEDC2C-5D16-431F-9522-0885B8BEF633}.Release|x86.Build.0 = Release|Win32
		{C56E7E92-3FDD-4691-804D-13CBDB67D977}.Debug|x64.ActiveCfg = Debug|x64
		{C56E7E92-3FDD-4691-804D-13CBDB67D977}.Debug|x64.Build.0 = Debug|x64
		{C56E7E92-3FDD-4691-804D-13CBDB67D977}.Debug|x86.ActiveCfg = Debug|Win32
		{C56E7E92-3FDD-4691-804D-13CBDB67D977}.Debug|x86.Build.0 = Debug|Win32
		{C56E7E92-3FDD-4691-804D-13CBDB67D977}.Release|x64.ActiveCfg = Release|x64
		{C56E7E92-3FDD-4691-804D-13CBDB67D977}.Release|x64.Build.0 = Release|x64
		{C56E7E92-3FDD-4691-804D-13CBDB67D977}.Release|x86.ActiveCfg = Release|Win32
		{C56E7E92-3FDD-4691-804D-13CBDB67D977}.Release|x86.Build.0 = Release|Win32
		{423A34E2-EB42-430E-916A-68867F66AB58}.Debug|x64.ActiveCfg = Debug|x64
		{423A34E2-EB42-430E-916A-68867F66AB58}.Debug|x64.Build.0 = Debug|x64
		{423A34E2-EB42-430E-916A-68867F66AB58}.Debug|x86.ActiveCfg = Debug|Win32
		{423A34E2-EB42-430E-916A-68867F66AB58}.Debug|x86.Build.0 = Debug|Win32
		{423A34E2-EB42-430E-916A-68867F66AB58}.Release|x64.ActiveCfg = Release|x64
		{423A34E2-EB42-430E-916A-68867F66AB58}.Release|x64.Build.0 = Release|x64
		{423A34E2-EB42-430E-916A-68867F66AB58}.Release|x86.ActiveCfg = Release|Win32
		{423A34E2-EB42-430E-916A-68867F66AB58}.Release|x86.Build.0 = Release|Win32
		{95F9AA75-F678-4D99-9FC2-C9CDB62812FB}.Debug|x64.ActiveCfg = Debug|x64
		{95F9AA75-F678-4D99-9FC2-C9CDB62812FB}.Debug|x64.Build.0 = Debug|x64
		{95F9AA75-F678-4D99-9FC2-C9CDB62812FB}.Debug|x86.ActiveCfg = Debug|Win32
		{95F9AA75-F678-4D99-9FC2-C9CDB62812FB}.Debug|x86.Build.0 = Debug|Win32
		{95F9AA75-F678-4D99-9FC2-C9CDB62812FB}.Release|x64.ActiveCfg = Release|x64
		{95F9AA75-F678-4D99-9FC2-C9CDB62812FB}.Release|x64.Build.0 = Release|x64
		{95F9AA75-F678-4D99-9FC2-C9CDB62812FB}.Release|x86.ActiveCfg = Release|Win32
		{95F9AA75-F678-4D99-9FC2-C9CDB62812FB}.Release|x86.Build.0 = Release|Win32
		{BAAF069C-A7B5-44F7-9B5E-25AD18E98336}.Debug|x64.ActiveCfg = Debug|x64
		{BAAF069C-A7B5-44F7-9B5E-25AD18E98336}.Debug|x64.Build.0 = Debug|x64
		{BAAF069C-A7B5-44F7-9B5E-25AD18E98336}.Debug|x86.ActiveCfg = Debug|Win32
		{BAAF069C-A7B5-44F7-9B5E-25AD18E98336}.Debug|x86.Build.0 = Debug|Win32
		{BAAF069C-A7B5-44F7-9B5E-25AD18E98336}.Release|x64.ActiveCfg = Release|x64
		{BAAF069C-A7B5-44F7-9B5E-25AD18E98336}.Release|x64.Build.0 = Release|x64
		{BAAF069C-A7B5-44F7-9B5E-25AD18E98336}.Release|x86.ActiveCfg = Release|Win32
		{BAAF069C-A7B5-44F7-9B5E-25AD18E98336}.Release|x86.Build.0 = Release|Win32
		{3284367B-81A1-478C-BA81-723C070C78E3}.Debug|x64.ActiveCfg = Debug|x64
		{3284367B-81A1-478C-BA81-723C070C78E3}.Debug|x64.Build.0 = Debug|x64
		{3284367B-81A1-478C-BA81-723C070C78E3}.Debug|x86.ActiveCfg = Debug|Win32
		{3284367B-81A1-478C-BA81-723C070C78E3}.Debug|x86.Build.0 = Debug|Win32
		{3284367B-81A1-478C-BA81-723C070C78E3}.Release|x64.ActiveCfg = Release|x64
		{3284367B-81A1-478C-BA81-723C070C78E3}.Release|x64.Build.0 = Release|x64
		{3284367B-81A1-478C-BA81-723C070C78E3}.Release|x86.ActiveCfg = Release|Win32
		{3284367B-81A1-478C-BA81-723C070C78E3}.Release|x86.Build.0 = Release|Win32
		{A988D291-B384-4994-B2F3-DF172EFC75D7}.Debug|x64.ActiveCfg = Debug|x64
		{A988D291-B384-4994-B2F3-DF172EFC75D7}.Debug|x64.Build.0 = Debug|x64
		{A988D291-B384-4994-B2F3-DF172EFC75D7}.Debug|x86.ActiveCfg = Debug|Win32
		{A988D291-B384-4994-B2F3-DF172EFC75D7}.Debug|x86.Build.0 = Debug|Win32
		{A988D291-B384-4994-B2F3-DF172EFC75D7}.Release|x64.ActiveCfg = Release|x64
		{A988D291-B384-4994-B2F3-DF172EFC75D7}.Release|x64.Build.0 = Release|x64
		{A988D291-B384-4994-B2F3-DF172EFC75D7}.Release|x86.ActiveCfg = Release|Win32
		{A988D291-B384-4994-B2F3-DF172EFC75D7}.Release|x86.Build.0 = Release|Win32
	EndGlobalSection
	GlobalSection(SolutionProperties) = preSolution
		HideSolutionNode = FALSE
	EndGlobalSection
	GlobalSection(ExtensibilityGlobals) = postSolution
		SolutionGuid = {276878AD-5C86-45B2-82CA-855528B40FDB}
	EndGlobalSection
EndGlobal
